
Microsoft Visual Studio Solution File, Format Version 12.00
# Visual Studio Version 16
VisualStudioVersion = 16.0.29709.97
MinimumVisualStudioVersion = 10.0.40219.1
Project("{FAE04EC0-301F-11D3-BF4B-00C04F79EFBC}") = "LinkedListPractice", "LinkedListPractice\LinkedListPractice.csproj", "{D0B0D1F9-96EC-47C5-8A37-0AC504BC7CF0}"
EndProject
Global
	GlobalSection(SolutionConfigurationPlatforms) = preSolution
		Debug|Any CPU = Debug|Any CPU
		Release|Any CPU = Release|Any CPU
	EndGlobalSection
	GlobalSection(ProjectConfigurationPlatforms) = postSolution
		{D0B0D1F9-96EC-47C5-8A37-0AC504BC7CF0}.Debug|Any CPU.ActiveCfg = Debug|Any CPU
		{D0B0D1F9-96EC-47C5-8A37-0AC504BC7CF0}.Debug|Any CPU.Build.0 = Debug|Any CPU
		{D0B0D1F9-96EC-47C5-8A37-0AC504BC7CF0}.Release|Any CPU.ActiveCfg = Release|Any CPU
		{D0B0D1F9-96EC-47C5-8A37-0AC504BC7CF0}.Release|Any CPU.Build.0 = Release|Any CPU
	EndGlobalSection
	GlobalSection(SolutionProperties) = preSolution
		HideSolutionNode = FALSE
	EndGlobalSection
	GlobalSection(ExtensibilityGlobals) = postSolution
		SolutionGuid = {F87A4C18-2242-4D50-8CE6-6092AB620134}
	EndGlobalSection
EndGlobal
